{
  "name": "radial-gradient",
  "version": "0.1.0",
  "lockfileVersion": 1,
  "requires": true,
  "dependencies": {
    "@babel/helper-builder-react-jsx": {
      "version": "7.0.0",
      "resolved": "https://registry.npmjs.org/@babel/helper-builder-react-jsx/-/helper-builder-react-jsx-7.0.0.tgz",
      "integrity": "sha512-ebJ2JM6NAKW0fQEqN8hOLxK84RbRz9OkUhGS/Xd5u56ejMfVbayJ4+LykERZCOUM6faa6Fp3SZNX3fcT16MKHw==",
      "dev": true,
      "requires": {
        "@babel/types": "7.0.0",
        "esutils": "2.0.2"
      }
    },
    "@babel/helper-plugin-utils": {
      "version": "7.0.0",
      "resolved": "https://registry.npmjs.org/@babel/helper-plugin-utils/-/helper-plugin-utils-7.0.0.tgz",
      "integrity": "sha512-CYAOUCARwExnEixLdB6sDm2dIJ/YgEAKDM1MOeMeZu9Ld/bDgVo8aiWrXwcY7OBh+1Ea2uUcVRcxKk0GJvW7QA==",
      "dev": true
    },
    "@babel/plugin-syntax-jsx": {
      "version": "7.0.0",
      "resolved": "https://registry.npmjs.org/@babel/plugin-syntax-jsx/-/plugin-syntax-jsx-7.0.0.tgz",
      "integrity": "sha512-PdmL2AoPsCLWxhIr3kG2+F9v4WH06Q3z+NoGVpQgnUNGcagXHq5sB3OXxkSahKq9TLdNMN/AJzFYSOo8UKDMHg==",
      "dev": true,
      "requires": {
        "@babel/helper-plugin-utils": "7.0.0"
      }
    },
    "@babel/plugin-transform-react-display-name": {
      "version": "7.0.0",
      "resolved": "https://registry.npmjs.org/@babel/plugin-transform-react-display-name/-/plugin-transform-react-display-name-7.0.0.tgz",
      "integrity": "sha512-BX8xKuQTO0HzINxT6j/GiCwoJB0AOMs0HmLbEnAvcte8U8rSkNa/eSCAY+l1OA4JnCVq2jw2p6U8QQryy2fTPg==",
      "dev": true,
      "requires": {
        "@babel/helper-plugin-utils": "7.0.0"
      }
    },
    "@babel/plugin-transform-react-jsx": {
      "version": "7.0.0",
      "resolved": "https://registry.npmjs.org/@babel/plugin-transform-react-jsx/-/plugin-transform-react-jsx-7.0.0.tgz",
      "integrity": "sha512-0TMP21hXsSUjIQJmu/r7RiVxeFrXRcMUigbKu0BLegJK9PkYodHstaszcig7zxXfaBji2LYUdtqIkHs+hgYkJQ==",
      "dev": true,
      "requires": {
        "@babel/helper-builder-react-jsx": "7.0.0",
        "@babel/helper-plugin-utils": "7.0.0",
        "@babel/plugin-syntax-jsx": "7.0.0"
      }
    },
    "@babel/plugin-transform-react-jsx-self": {
      "version": "7.0.0",
      "resolved": "https://registry.npmjs.org/@babel/plugin-transform-react-jsx-self/-/plugin-transform-react-jsx-self-7.0.0.tgz",
      "integrity": "sha512-pymy+AK12WO4safW1HmBpwagUQRl9cevNX+82AIAtU1pIdugqcH+nuYP03Ja6B+N4gliAaKWAegIBL/ymALPHA==",
      "dev": true,
      "requires": {
        "@babel/helper-plugin-utils": "7.0.0",
        "@babel/plugin-syntax-jsx": "7.0.0"
      }
    },
    "@babel/plugin-transform-react-jsx-source": {
      "version": "7.0.0",
      "resolved": "https://registry.npmjs.org/@babel/plugin-transform-react-jsx-source/-/plugin-transform-react-jsx-source-7.0.0.tgz",
      "integrity": "sha512-OSeEpFJEH5dw/TtxTg4nijl4nHBbhqbKL94Xo/Y17WKIf2qJWeIk/QeXACF19lG1vMezkxqruwnTjVizaW7u7w==",
      "dev": true,
      "requires": {
        "@babel/helper-plugin-utils": "7.0.0",
        "@babel/plugin-syntax-jsx": "7.0.0"
      }
    },
    "@babel/preset-react": {
      "version": "7.0.0",
      "resolved": "https://registry.npmjs.org/@babel/preset-react/-/preset-react-7.0.0.tgz",
      "integrity": "sha512-oayxyPS4Zj+hF6Et11BwuBkmpgT/zMxyuZgFrMeZID6Hdh3dGlk4sHCAhdBCpuCKW2ppBfl2uCCetlrUIJRY3w==",
      "dev": true,
      "requires": {
        "@babel/helper-plugin-utils": "7.0.0",
        "@babel/plugin-transform-react-display-name": "7.0.0",
        "@babel/plugin-transform-react-jsx": "7.0.0",
        "@babel/plugin-transform-react-jsx-self": "7.0.0",
        "@babel/plugin-transform-react-jsx-source": "7.0.0"
      }
    },
    "@babel/types": {
      "version": "7.0.0",
      "resolved": "https://registry.npmjs.org/@babel/types/-/types-7.0.0.tgz",
      "integrity": "sha512-5tPDap4bGKTLPtci2SUl/B7Gv8RnuJFuQoWx26RJobS0fFrz4reUA3JnwIM+HVHEmWE0C1mzKhDtTp8NsWY02Q==",
      "dev": true,
      "requires": {
        "esutils": "2.0.2",
        "lodash": "4.17.10",
        "to-fast-properties": "2.0.0"
      }
    },
    "@emotion/is-prop-valid": {
      "version": "0.6.7",
      "resolved": "https://registry.npmjs.org/@emotion/is-prop-valid/-/is-prop-valid-0.6.7.tgz",
      "integrity": "sha512-cK5YUueFhAff0GqL5PqPruBCSdiQ9Gatuc2p7uHOsXh1hx+4aKLF3frPSTobFElwlGUypVwF5pjB3hhc7DebjQ==",
      "requires": {
        "@emotion/memoize": "0.6.5"
      }
    },
    "@emotion/memoize": {
      "version": "0.6.5",
      "resolved": "https://registry.npmjs.org/@emotion/memoize/-/memoize-0.6.5.tgz",
      "integrity": "sha512-n1USr7yICA4LFIv7z6kKsXM8rZJxd1btKCBmDewlit+3OJ2j4bDfgXTAxTHYbPkHS/eztHmFWfsbxW2Pu5mDqA=="
    },
    "asap": {
      "version": "2.0.6",
      "resolved": "https://registry.npmjs.org/asap/-/asap-2.0.6.tgz",
      "integrity": "sha1-5QNHYR1+aQlDIIu9r+vLwvuGbUY="
    },
    "babel-plugin-styled-components": {
      "version": "1.6.4",
      "resolved": "https://registry.npmjs.org/babel-plugin-styled-components/-/babel-plugin-styled-components-1.6.4.tgz",
      "integrity": "sha512-WRbUn/3aDlyE0+pQ4k9oaXoCytZxSuAW1zieNUKFMO+g89giwv1soV3TsK9RgeBIZ1mmtNEPwwUuQwIlowUhxg==",
      "requires": {
        "lodash": "4.17.10"
      }
    },
    "core-js": {
      "version": "1.2.7",
      "resolved": "https://registry.npmjs.org/core-js/-/core-js-1.2.7.tgz",
      "integrity": "sha1-ZSKUwUZR2yj6k70tX/KYOk8IxjY="
    },
    "css-color-keywords": {
      "version": "1.0.0",
      "resolved": "https://registry.npmjs.org/css-color-keywords/-/css-color-keywords-1.0.0.tgz",
      "integrity": "sha1-/qJhbcZ2spYmhrOvjb2+GAskTgU="
    },
    "css-to-react-native": {
      "version": "2.2.1",
      "resolved": "https://registry.npmjs.org/css-to-react-native/-/css-to-react-native-2.2.1.tgz",
      "integrity": "sha512-v++LRcf633phJiYZBDqtmGPj3+BVof0isd2jgwYLWZJ5YSuhCkrfYtDsNhM6oJthiEco0f9tDVJ1vUkDJNgGEA==",
      "requires": {
        "css-color-keywords": "1.0.0",
        "fbjs": "0.8.17",
        "postcss-value-parser": "3.3.0"
      }
    },
    "encoding": {
      "version": "0.1.12",
      "resolved": "https://registry.npmjs.org/encoding/-/encoding-0.1.12.tgz",
      "integrity": "sha1-U4tm8+5izRq1HsMjgp0flIDHS+s=",
      "requires": {
        "iconv-lite": "0.4.24"
      }
    },
    "esutils": {
      "version": "2.0.2",
      "resolved": "https://registry.npmjs.org/esutils/-/esutils-2.0.2.tgz",
      "integrity": "sha1-Cr9PHKpbyx96nYrMbepPqqBLrJs=",
      "dev": true
    },
    "fbjs": {
      "version": "0.8.17",
      "resolved": "https://registry.npmjs.org/fbjs/-/fbjs-0.8.17.tgz",
      "integrity": "sha1-xNWY6taUkRJlPWWIsBpc3Nn5D90=",
      "requires": {
        "core-js": "1.2.7",
        "isomorphic-fetch": "2.2.1",
        "loose-envify": "1.4.0",
        "object-assign": "4.1.1",
        "promise": "7.3.1",
        "setimmediate": "1.0.5",
        "ua-parser-js": "0.7.18"
      }
    },
    "hoist-non-react-statics": {
      "version": "3.0.1",
      "resolved": "https://registry.npmjs.org/hoist-non-react-statics/-/hoist-non-react-statics-3.0.1.tgz",
      "integrity": "sha512-1kXwPsOi0OGQIZNVMPvgWJ9tSnGMiMfJdihqEzrPEXlHOBh9AAHXX/QYmAJTXztnz/K+PQ8ryCb4eGaN6HlGbQ==",
      "requires": {
        "react-is": "16.5.0"
      }
    },
    "iconv-lite": {
      "version": "0.4.24",
      "resolved": "https://registry.npmjs.org/iconv-lite/-/iconv-lite-0.4.24.tgz",
      "integrity": "sha512-v3MXnZAcvnywkTUEZomIActle7RXXeedOR31wwl7VlyoXO4Qi9arvSenNQWne1TcRwhCL1HwLI21bEqdpj8/rA==",
      "requires": {
        "safer-buffer": "2.1.2"
      }
    },
    "is-stream": {
      "version": "1.1.0",
      "resolved": "https://registry.npmjs.org/is-stream/-/is-stream-1.1.0.tgz",
      "integrity": "sha1-EtSj3U5o4Lec6428hBc66A2RykQ="
    },
    "isomorphic-fetch": {
      "version": "2.2.1",
      "resolved": "https://registry.npmjs.org/isomorphic-fetch/-/isomorphic-fetch-2.2.1.tgz",
      "integrity": "sha1-YRrhrPFPXoH3KVB0coGf6XM1WKk=",
      "requires": {
        "node-fetch": "1.7.3",
        "whatwg-fetch": "2.0.4"
      }
    },
    "js-tokens": {
      "version": "4.0.0",
      "resolved": "https://registry.npmjs.org/js-tokens/-/js-tokens-4.0.0.tgz",
      "integrity": "sha512-RdJUflcE3cUzKiMqQgsCu06FPu9UdIJO0beYbPhHN4k6apgJtifcoCtT9bcxOpYBtpD2kCM6Sbzg4CausW/PKQ=="
    },
    "lodash": {
      "version": "4.17.10",
      "resolved": "https://registry.npmjs.org/lodash/-/lodash-4.17.10.tgz",
      "integrity": "sha512-UejweD1pDoXu+AD825lWwp4ZGtSwgnpZxb3JDViD7StjQz+Nb/6l093lx4OQ0foGWNRoc19mWy7BzL+UAK2iVg=="
    },
    "loose-envify": {
      "version": "1.4.0",
      "resolved": "https://registry.npmjs.org/loose-envify/-/loose-envify-1.4.0.tgz",
      "integrity": "sha512-lyuxPGr/Wfhrlem2CL/UcnUc1zcqKAImBDzukY7Y5F/yQiNdko6+fRLevlw1HgMySw7f611UIY408EtxRSoK3Q==",
      "requires": {
        "js-tokens": "4.0.0"
      }
    },
    "memoize-one": {
      "version": "4.0.2",
      "resolved": "https://registry.npmjs.org/memoize-one/-/memoize-one-4.0.2.tgz",
      "integrity": "sha512-ucx2DmXTeZTsS4GPPUZCbULAN7kdPT1G+H49Y34JjbQ5ESc6OGhVxKvb1iKhr9v19ZB9OtnHwNnhUnNR/7Wteg=="
    },
    "node-fetch": {
      "version": "1.7.3",
      "resolved": "https://registry.npmjs.org/node-fetch/-/node-fetch-1.7.3.tgz",
      "integrity": "sha512-NhZ4CsKx7cYm2vSrBAr2PvFOe6sWDf0UYLRqA6svUYg7+/TSfVAu49jYC4BvQ4Sms9SZgdqGBgroqfDhJdTyKQ==",
      "requires": {
        "encoding": "0.1.12",
        "is-stream": "1.1.0"
      }
    },
    "object-assign": {
      "version": "4.1.1",
      "resolved": "https://registry.npmjs.org/object-assign/-/object-assign-4.1.1.tgz",
      "integrity": "sha1-IQmtx5ZYh8/AXLvUQsrIv7s2CGM="
    },
    "postcss-value-parser": {
      "version": "3.3.0",
      "resolved": "https://registry.npmjs.org/postcss-value-parser/-/postcss-value-parser-3.3.0.tgz",
      "integrity": "sha1-h/OPnxj3dKSrTIojL1xc6IcqnRU="
    },
    "promise": {
      "version": "7.3.1",
      "resolved": "https://registry.npmjs.org/promise/-/promise-7.3.1.tgz",
      "integrity": "sha512-nolQXZ/4L+bP/UGlkfaIujX9BKxGwmQ9OT4mOt5yvy8iK1h3wqTEJCijzGANTCCl9nWjY41juyAn2K3Q1hLLTg==",
      "requires": {
        "asap": "2.0.6"
      }
    },
    "prop-types": {
      "version": "15.6.2",
      "resolved": "https://registry.npmjs.org/prop-types/-/prop-types-15.6.2.tgz",
      "integrity": "sha512-3pboPvLiWD7dkI3qf3KbUe6hKFKa52w+AE0VCqECtf+QHAKgOL37tTaNCnuX1nAAQ4ZhyP+kYVKf8rLmJ/feDQ==",
      "requires": {
        "loose-envify": "1.4.0",
        "object-assign": "4.1.1"
      }
    },
    "react-is": {
      "version": "16.5.0",
      "resolved": "https://registry.npmjs.org/react-is/-/react-is-16.5.0.tgz",
      "integrity": "sha512-kpkCGLsChXTEQJVmowQqHpCjHKJFwB4SIChYaaaiAkq8OtE2aBg5pQe8/xnFlGmz9KmMx1H4oQRUyxP7qC9v5A=="
    },
    "safer-buffer": {
      "version": "2.1.2",
      "resolved": "https://registry.npmjs.org/safer-buffer/-/safer-buffer-2.1.2.tgz",
      "integrity": "sha512-YZo3K82SD7Riyi0E1EQPojLz7kpepnSQI9IyPbHHg1XXXevb5dJI7tpyN2ADxGcQbHG7vcyRHk0cbwqcQriUtg=="
    },
    "setimmediate": {
      "version": "1.0.5",
      "resolved": "https://registry.npmjs.org/setimmediate/-/setimmediate-1.0.5.tgz",
      "integrity": "sha1-KQy7Iy4waULX1+qbg3Mqt4VvgoU="
    },
    "styled-components": {
      "version": "4.0.0-beta.2",
      "resolved": "https://registry.npmjs.org/styled-components/-/styled-components-4.0.0-beta.2.tgz",
      "integrity": "sha512-LqgacqHZzZto+XAadlgWqQ+ov5YLddx+zHfPJSE+tkQwFVWsjYcyTfj9MOzouE1NJg2jVuUIpLxdSIGm/1Tw3A==",
      "requires": {
        "@emotion/is-prop-valid": "0.6.7",
        "css-to-react-native": "2.2.1",
        "hoist-non-react-statics": "3.0.1",
        "memoize-one": "4.0.2",
        "prop-types": "15.6.2",
        "react-is": "16.5.0",
        "stylis": "3.5.3",
        "stylis-rule-sheet": "0.0.10"
      }
    },
    "stylis": {
      "version": "3.5.3",
      "resolved": "https://registry.npmjs.org/stylis/-/stylis-3.5.3.tgz",
      "integrity": "sha512-TxU0aAscJghF9I3V9q601xcK3Uw1JbXvpsBGj/HULqexKOKlOEzzlIpLFRbKkCK990ccuxfXUqmPbIIo7Fq/cQ=="
    },
    "stylis-rule-sheet": {
      "version": "0.0.10",
      "resolved": "https://registry.npmjs.org/stylis-rule-sheet/-/stylis-rule-sheet-0.0.10.tgz",
      "integrity": "sha512-nTbZoaqoBnmK+ptANthb10ZRZOGC+EmTLLUxeYIuHNkEKcmKgXX1XWKkUBT2Ac4es3NybooPe0SmvKdhKJZAuw=="
    },
    "to-fast-properties": {
      "version": "2.0.0",
      "resolved": "https://registry.npmjs.org/to-fast-properties/-/to-fast-properties-2.0.0.tgz",
      "integrity": "sha1-3F5pjL0HkmW8c+A3doGk5Og/YW4=",
      "dev": true
    },
    "ua-parser-js": {
      "version": "0.7.18",
      "resolved": "https://registry.npmjs.org/ua-parser-js/-/ua-parser-js-0.7.18.tgz",
      "integrity": "sha512-LtzwHlVHwFGTptfNSgezHp7WUlwiqb0gA9AALRbKaERfxwJoiX0A73QbTToxteIAuIaFshhgIZfqK8s7clqgnA=="
    },
    "whatwg-fetch": {
      "version": "2.0.4",
      "resolved": "https://registry.npmjs.org/whatwg-fetch/-/whatwg-fetch-2.0.4.tgz",
      "integrity": "sha512-dcQ1GWpOD/eEQ97k66aiEVpNnapVj90/+R+SXTPYGHpYBBypfKJEQjLrvMZ7YXbKm21gXd4NcuxUTjiv1YtLng=="
    }
  }
}
